
Microsoft Visual Studio Solution File, Format Version 12.00
# Visual Studio 14
VisualStudioVersion = 14.0.25420.1
MinimumVisualStudioVersion = 10.0.40219.1
Project("{FAE04EC0-301F-11D3-BF4B-00C04F79EFBC}") = "Anakena_2017", "Anakena_2017\Anakena_2017.csproj", "{E07D5191-626F-4328-9CEB-0E72CC7CE7B8}"
EndProject
Project("{FAE04EC0-301F-11D3-BF4B-00C04F79EFBC}") = "splash", "splash\splash.csproj", "{ACC0E51A-C854-4355-B582-7F2ED8C3BAFF}"
EndProject
Project("{FAE04EC0-301F-11D3-BF4B-00C04F79EFBC}") = "Recepcion_Nueces", "..\..\Visual Studio 2015\Projects\Recepcion_Nueces\Recepcion_Nueces\Recepcion_Nueces.csproj", "{6EA7D3FC-5A2D-478D-8CDA-A5DEDD4420C5}"
EndProject
Global
	GlobalSection(SolutionConfigurationPlatforms) = preSolution
		Debug|Any CPU = Debug|Any CPU
		Release|Any CPU = Release|Any CPU
	EndGlobalSection
	GlobalSection(ProjectConfigurationPlatforms) = postSolution
		{E07D5191-626F-4328-9CEB-0E72CC7CE7B8}.Debug|Any CPU.ActiveCfg = Debug|Any CPU
		{E07D5191-626F-4328-9CEB-0E72CC7CE7B8}.Debug|Any CPU.Build.0 = Debug|Any CPU
		{E07D5191-626F-4328-9CEB-0E72CC7CE7B8}.Release|Any CPU.ActiveCfg = Release|Any CPU
		{E07D5191-626F-4328-9CEB-0E72CC7CE7B8}.Release|Any CPU.Build.0 = Release|Any CPU
		{ACC0E51A-C854-4355-B582-7F2ED8C3BAFF}.Debug|Any CPU.ActiveCfg = Debug|Any CPU
		{ACC0E51A-C854-4355-B582-7F2ED8C3BAFF}.Debug|Any CPU.Build.0 = Debug|Any CPU
		{ACC0E51A-C854-4355-B582-7F2ED8C3BAFF}.Release|Any CPU.ActiveCfg = Release|Any CPU
		{ACC0E51A-C854-4355-B582-7F2ED8C3BAFF}.Release|Any CPU.Build.0 = Release|Any CPU
		{6EA7D3FC-5A2D-478D-8CDA-A5DEDD4420C5}.Debug|Any CPU.ActiveCfg = Debug|Any CPU
		{6EA7D3FC-5A2D-478D-8CDA-A5DEDD4420C5}.Debug|Any CPU.Build.0 = Debug|Any CPU
		{6EA7D3FC-5A2D-478D-8CDA-A5DEDD4420C5}.Release|Any CPU.ActiveCfg = Release|Any CPU
		{6EA7D3FC-5A2D-478D-8CDA-A5DEDD4420C5}.Release|Any CPU.Build.0 = Release|Any CPU
	EndGlobalSection
	GlobalSection(SolutionProperties) = preSolution
		HideSolutionNode = FALSE
	EndGlobalSection
EndGlobal
